
Microsoft Visual Studio Solution File, Format Version 12.00
# Visual Studio Version 17
VisualStudioVersion = 17.7.34024.191
MinimumVisualStudioVersion = 10.0.40219.1
Project("{FAE04EC0-301F-11D3-BF4B-00C04F79EFBC}") = "Tag Your Music", "Tag Your Music.csproj", "{CA89082D-B720-449D-93C6-48D045110B0C}"
EndProject
Global
	GlobalSection(SolutionConfigurationPlatforms) = preSolution
		Debug|Any CPU = Debug|Any CPU
		Release|Any CPU = Release|Any CPU
	EndGlobalSection
	GlobalSection(ProjectConfigurationPlatforms) = postSolution
		{CA89082D-B720-449D-93C6-48D045110B0C}.Debug|Any CPU.ActiveCfg = Debug|Any CPU
		{CA89082D-B720-449D-93C6-48D045110B0C}.Debug|Any CPU.Build.0 = Debug|Any CPU
		{CA89082D-B720-449D-93C6-48D045110B0C}.Release|Any CPU.ActiveCfg = Release|Any CPU
		{CA89082D-B720-449D-93C6-48D045110B0C}.Release|Any CPU.Build.0 = Release|Any CPU
	EndGlobalSection
	GlobalSection(SolutionProperties) = preSolution
		HideSolutionNode = FALSE
	EndGlobalSection
	GlobalSection(ExtensibilityGlobals) = postSolution
		SolutionGuid = {6218B7E0-E92B-4E94-882D-105199CDF147}
	EndGlobalSection
EndGlobal
